{
  "name": "frontend",
  "lockfileVersion": 3,
  "requires": true,
  "packages": {
    "": {
      "dependencies": {
        "mern": "file:.."
      }
    },
    "..": {
      "version": "1.0.0",
      "license": "ISC",
      "dependencies": {
        "dayjs": "^1.11.13",
        "ky": "^1.8.2"
      },
      "devDependencies": {
        "concurrently": "^9.2.0"
      }
    },
    "node_modules/mern": {
      "resolved": "..",
      "link": true
    }
  }
}
